uuid: 40753402-4466-4971-b5c1-339cabd2785e
langcode: en
status: true
dependencies:
  content:
    - 'block_content:basic:811660bc-59e3-4933-94f5-5a2bead87d11'
  module:
    - block_content
    - system
  theme:
    - custom_theme
id: custom_theme_homepagewalablock
theme: custom_theme
region: branding
weight: -3
provider: null
plugin: 'block_content:811660bc-59e3-4933-94f5-5a2bead87d11'
settings:
  id: 'block_content:811660bc-59e3-4933-94f5-5a2bead87d11'
  label: 'Home Page Wala Block'
  label_display: visible
  provider: block_content
  status: true
  info: ''
  view_mode: full
visibility:
  request_path:
    id: request_path
    negate: false
    pages: /node
